
Microsoft Visual Studio Solution File, Format Version 12.00
# Visual Studio Version 17
VisualStudioVersion = 17.10.35027.167
MinimumVisualStudioVersion = 10.0.40219.1
Project("{FAE04EC0-301F-11D3-BF4B-00C04F79EFBC}") = "Aula_30072024", "Aula_30072024\Aula_30072024.csproj", "{52B51D4D-5C4A-4908-A0F0-FFF73F31E119}"
EndProject
Global
	GlobalSection(SolutionConfigurationPlatforms) = preSolution
		Debug|Any CPU = Debug|Any CPU
		Release|Any CPU = Release|Any CPU
	EndGlobalSection
	GlobalSection(ProjectConfigurationPlatforms) = postSolution
		{52B51D4D-5C4A-4908-A0F0-FFF73F31E119}.Debug|Any CPU.ActiveCfg = Debug|Any CPU
		{52B51D4D-5C4A-4908-A0F0-FFF73F31E119}.Debug|Any CPU.Build.0 = Debug|Any CPU
		{52B51D4D-5C4A-4908-A0F0-FFF73F31E119}.Release|Any CPU.ActiveCfg = Release|Any CPU
		{52B51D4D-5C4A-4908-A0F0-FFF73F31E119}.Release|Any CPU.Build.0 = Release|Any CPU
	EndGlobalSection
	GlobalSection(SolutionProperties) = preSolution
		HideSolutionNode = FALSE
	EndGlobalSection
	GlobalSection(ExtensibilityGlobals) = postSolution
		SolutionGuid = {54500B63-0416-40E5-8BA8-EFFECE08B550}
	EndGlobalSection
EndGlobal
